
Microsoft Visual Studio Solution File, Format Version 12.00
# Visual Studio Version 17
VisualStudioVersion = 17.9.34701.34
MinimumVisualStudioVersion = 10.0.40219.1
Project("{FAE04EC0-301F-11D3-BF4B-00C04F79EFBC}") = "MVCEstacionamiento", "MVCEstacionamiento\MVCEstacionamiento.csproj", "{53CE1B7C-0092-4BD7-9860-F83FB593BE3D}"
EndProject
Global
	GlobalSection(SolutionConfigurationPlatforms) = preSolution
		Debug|Any CPU = Debug|Any CPU
		Release|Any CPU = Release|Any CPU
	EndGlobalSection
	GlobalSection(ProjectConfigurationPlatforms) = postSolution
		{53CE1B7C-0092-4BD7-9860-F83FB593BE3D}.Debug|Any CPU.ActiveCfg = Debug|Any CPU
		{53CE1B7C-0092-4BD7-9860-F83FB593BE3D}.Debug|Any CPU.Build.0 = Debug|Any CPU
		{53CE1B7C-0092-4BD7-9860-F83FB593BE3D}.Release|Any CPU.ActiveCfg = Release|Any CPU
		{53CE1B7C-0092-4BD7-9860-F83FB593BE3D}.Release|Any CPU.Build.0 = Release|Any CPU
	EndGlobalSection
	GlobalSection(SolutionProperties) = preSolution
		HideSolutionNode = FALSE
	EndGlobalSection
	GlobalSection(ExtensibilityGlobals) = postSolution
		SolutionGuid = {E6E31C6C-31E3-4744-B5DC-6D8A06D0B2E1}
	EndGlobalSection
EndGlobal
